
Microsoft Visual Studio Solution File, Format Version 12.00
# Visual Studio Version 17
VisualStudioVersion = 17.13.35818.85 d17.13
MinimumVisualStudioVersion = 10.0.40219.1
Project("{FAE04EC0-301F-11D3-BF4B-00C04F79EFBC}") = "TaxiParkLabs.Domain", "TaxiParkLabs.Domain\TaxiParkLabs.Domain.csproj", "{79296B72-1A43-466B-B6AE-39B0D4203742}"
EndProject
Project("{2150E333-8FDC-42A3-9474-1A3956D46DE8}") = "src", "src", "{02EA681E-C7D8-13C7-8484-4AC65E1B71E8}"
EndProject
Project("{2150E333-8FDC-42A3-9474-1A3956D46DE8}") = "test", "test", "{0587162D-2D27-402A-A156-F6DB71C89F61}"
EndProject
Project("{FAE04EC0-301F-11D3-BF4B-00C04F79EFBC}") = "TaxiParkLabs.Domain.Tests", "TaxiParkLabs.Domain.Tests\TaxiParkLabs.Domain.Tests.csproj", "{0DA15E59-6838-46AE-AF54-E6DB7A5FEC44}"
EndProject
Global
	GlobalSection(SolutionConfigurationPlatforms) = preSolution
		Debug|Any CPU = Debug|Any CPU
		Release|Any CPU = Release|Any CPU
	EndGlobalSection
	GlobalSection(ProjectConfigurationPlatforms) = postSolution
		{79296B72-1A43-466B-B6AE-39B0D4203742}.Debug|Any CPU.ActiveCfg = Debug|Any CPU
		{79296B72-1A43-466B-B6AE-39B0D4203742}.Debug|Any CPU.Build.0 = Debug|Any CPU
		{79296B72-1A43-466B-B6AE-39B0D4203742}.Release|Any CPU.ActiveCfg = Release|Any CPU
		{79296B72-1A43-466B-B6AE-39B0D4203742}.Release|Any CPU.Build.0 = Release|Any CPU
		{0DA15E59-6838-46AE-AF54-E6DB7A5FEC44}.Debug|Any CPU.ActiveCfg = Debug|Any CPU
		{0DA15E59-6838-46AE-AF54-E6DB7A5FEC44}.Debug|Any CPU.Build.0 = Debug|Any CPU
		{0DA15E59-6838-46AE-AF54-E6DB7A5FEC44}.Release|Any CPU.ActiveCfg = Release|Any CPU
		{0DA15E59-6838-46AE-AF54-E6DB7A5FEC44}.Release|Any CPU.Build.0 = Release|Any CPU
	EndGlobalSection
	GlobalSection(SolutionProperties) = preSolution
		HideSolutionNode = FALSE
	EndGlobalSection
	GlobalSection(NestedProjects) = preSolution
		{79296B72-1A43-466B-B6AE-39B0D4203742} = {02EA681E-C7D8-13C7-8484-4AC65E1B71E8}
		{0DA15E59-6838-46AE-AF54-E6DB7A5FEC44} = {0587162D-2D27-402A-A156-F6DB71C89F61}
	EndGlobalSection
	GlobalSection(ExtensibilityGlobals) = postSolution
		SolutionGuid = {97EC674E-C762-4BF4-A182-3832D28E7F56}
	EndGlobalSection
EndGlobal
